
Microsoft Visual Studio Solution File, Format Version 12.00
# Visual Studio Version 16
VisualStudioVersion = 16.0.33027.164
MinimumVisualStudioVersion = 10.0.40219.1
Project("{FAE04EC0-301F-11D3-BF4B-00C04F79EFBC}") = "ASP.NetDay2", "ASP.NetDay2\ASP.NetDay2.csproj", "{AFAEFE13-25A1-42F3-9C9D-8456BE447839}"
EndProject
Global
	GlobalSection(SolutionConfigurationPlatforms) = preSolution
		Debug|Any CPU = Debug|Any CPU
		Release|Any CPU = Release|Any CPU
	EndGlobalSection
	GlobalSection(ProjectConfigurationPlatforms) = postSolution
		{AFAEFE13-25A1-42F3-9C9D-8456BE447839}.Debug|Any CPU.ActiveCfg = Debug|Any CPU
		{AFAEFE13-25A1-42F3-9C9D-8456BE447839}.Debug|Any CPU.Build.0 = Debug|Any CPU
		{AFAEFE13-25A1-42F3-9C9D-8456BE447839}.Release|Any CPU.ActiveCfg = Release|Any CPU
		{AFAEFE13-25A1-42F3-9C9D-8456BE447839}.Release|Any CPU.Build.0 = Release|Any CPU
	EndGlobalSection
	GlobalSection(SolutionProperties) = preSolution
		HideSolutionNode = FALSE
	EndGlobalSection
	GlobalSection(ExtensibilityGlobals) = postSolution
		SolutionGuid = {A6875C96-1AD1-410D-8CC1-5A04B08A199E}
	EndGlobalSection
EndGlobal
